// !$*UTF8*$!
{
	archiveVersion = 1;
	classes = {
	};
	objectVersion = 55;
	objects = {

/* Begin PBXBuildFile section */
		76814ADA27600E2C004AF2DE /* StairClimberApp.swift in Sources */ = {isa = PBXBuildFile; fileRef = 76814AD927600E2C004AF2DE /* StairClimberApp.swift */; };
		76814ADC27600E2C004AF2DE /* ContentView.swift in Sources */ = {isa = PBXBuildFile; fileRef = 76814ADB27600E2C004AF2DE /* ContentView.swift */; };
		76814ADE27600E2D004AF2DE /* Assets.xcassets in Resources */ = {isa = PBXBuildFile; fileRef = 76814ADD27600E2D004AF2DE /* Assets.xcassets */; };
		76814AE127600E2D004AF2DE /* Preview Assets.xcassets in Resources */ = {isa = PBXBuildFile; fileRef = 76814AE027600E2D004AF2DE /* Preview Assets.xcassets */; };
		76814AEE27600E40004AF2DE /* WidgetKit.framework in Frameworks */ = {isa = PBXBuildFile; fileRef = 76814AED27600E40004AF2DE /* WidgetKit.framework */; };
		76814AF027600E40004AF2DE /* SwiftUI.framework in Frameworks */ = {isa = PBXBuildFile; fileRef = 76814AEF27600E40004AF2DE /* SwiftUI.framework */; };
		76814AF327600E40004AF2DE /* StairWidget.swift in Sources */ = {isa = PBXBuildFile; fileRef = 76814AF227600E40004AF2DE /* StairWidget.swift */; };
		76814AF627600E42004AF2DE /* Assets.xcassets in Resources */ = {isa = PBXBuildFile; fileRef = 76814AF527600E42004AF2DE /* Assets.xcassets */; };
		76814AF827600E42004AF2DE /* StairWidget.intentdefinition in Sources */ = {isa = PBXBuildFile; fileRef = 76814AF427600E40004AF2DE /* StairWidget.intentdefinition */; };
		76814AF927600E42004AF2DE /* StairWidget.intentdefinition in Sources */ = {isa = PBXBuildFile; fileRef = 76814AF427600E40004AF2DE /* StairWidget.intentdefinition */; };
		76814AFC27600E42004AF2DE /* StairWidgetExtension.appex in Embed App Extensions */ = {isa = PBXBuildFile; fileRef = 76814AEB27600E40004AF2DE /* StairWidgetExtension.appex */; settings = {ATTRIBUTES = (RemoveHeadersOnCopy, ); }; };
/* End PBXBuildFile section */

/* Begin PBXContainerItemProxy section */
		76814AFA27600E42004AF2DE /* PBXContainerItemProxy */ = {
			isa = PBXContainerItemProxy;
			containerPortal = 76814ACE27600E2C004AF2DE /* Project object */;
			proxyType = 1;
			remoteGlobalIDString = 76814AEA27600E40004AF2DE;
			remoteInfo = StairWidgetExtension;
		};
/* End PBXContainerItemProxy section */

/* Begin PBXCopyFilesBuildPhase section */
		76814B0027600E42004AF2DE /* Embed App Extensions */ = {
			isa = PBXCopyFilesBuildPhase;
			buildActionMask = 2147483647;
			dstPath = "";
			dstSubfolderSpec = 13;
			files = (
				76814AFC27600E42004AF2DE /* StairWidgetExtension.appex in Embed App Extensions */,
			);
			name = "Embed App Extensions";
			runOnlyForDeploymentPostprocessing = 0;
		};
/* End PBXCopyFilesBuildPhase section */

/* Begin PBXFileReference section */
		7665F9952761D47500D88BB0 /* StairWidgetExtension.entitlements */ = {isa = PBXFileReference; lastKnownFileType = text.plist.entitlements; path = StairWidgetExtension.entitlements; sourceTree = "<group>"; };
		7665F9962761D49600D88BB0 /* StairClimber.entitlements */ = {isa = PBXFileReference; lastKnownFileType = text.plist.entitlements; path = StairClimber.entitlements; sourceTree = "<group>"; };
		76814AD627600E2C004AF2DE /* StairClimber.app */ = {isa = PBXFileReference; explicitFileType = wrapper.application; includeInIndex = 0; path = StairClimber.app; sourceTree = BUILT_PRODUCTS_DIR; };
		76814AD927600E2C004AF2DE /* StairClimberApp.swift */ = {isa = PBXFileReference; lastKnownFileType = sourcecode.swift; path = StairClimberApp.swift; sourceTree = "<group>"; };
		76814ADB27600E2C004AF2DE /* ContentView.swift */ = {isa = PBXFileReference; lastKnownFileType = sourcecode.swift; path = ContentView.swift; sourceTree = "<group>"; };
		76814ADD27600E2D004AF2DE /* Assets.xcassets */ = {isa = PBXFileReference; lastKnownFileType = folder.assetcatalog; path = Assets.xcassets; sourceTree = "<group>"; };
		76814AE027600E2D004AF2DE /* Preview Assets.xcassets */ = {isa = PBXFileReference; lastKnownFileType = folder.assetcatalog; path = "Preview Assets.xcassets"; sourceTree = "<group>"; };
		76814AEB27600E40004AF2DE /* StairWidgetExtension.appex */ = {isa = PBXFileReference; explicitFileType = "wrapper.app-extension"; includeInIndex = 0; path = StairWidgetExtension.appex; sourceTree = BUILT_PRODUCTS_DIR; };
		76814AED27600E40004AF2DE /* WidgetKit.framework */ = {isa = PBXFileReference; lastKnownFileType = wrapper.framework; name = WidgetKit.framework; path = System/Library/Frameworks/WidgetKit.framework; sourceTree = SDKROOT; };
		76814AEF27600E40004AF2DE /* SwiftUI.framework */ = {isa = PBXFileReference; lastKnownFileType = wrapper.framework; name = SwiftUI.framework; path = System/Library/Frameworks/SwiftUI.framework; sourceTree = SDKROOT; };
		76814AF227600E40004AF2DE /* StairWidget.swift */ = {isa = PBXFileReference; lastKnownFileType = sourcecode.swift; path = StairWidget.swift; sourceTree = "<group>"; };
		76814AF427600E40004AF2DE /* StairWidget.intentdefinition */ = {isa = PBXFileReference; lastKnownFileType = file.intentdefinition; path = StairWidget.intentdefinition; sourceTree = "<group>"; };
		76814AF527600E42004AF2DE /* Assets.xcassets */ = {isa = PBXFileReference; lastKnownFileType = folder.assetcatalog; path = Assets.xcassets; sourceTree = "<group>"; };
		76814AF727600E42004AF2DE /* Info.plist */ = {isa = PBXFileReference; lastKnownFileType = text.plist.xml; path = Info.plist; sourceTree = "<group>"; };
/* End PBXFileReference section */

/* Begin PBXFrameworksBuildPhase section */
		76814AD327600E2C004AF2DE /* Frameworks */ = {
			isa = PBXFrameworksBuildPhase;
			buildActionMask = 2147483647;
			files = (
			);
			runOnlyForDeploymentPostprocessing = 0;
		};
		76814AE827600E40004AF2DE /* Frameworks */ = {
			isa = PBXFrameworksBuildPhase;
			buildActionMask = 2147483647;
			files = (
				76814AF027600E40004AF2DE /* SwiftUI.framework in Frameworks */,
				76814AEE27600E40004AF2DE /* WidgetKit.framework in Frameworks */,
			);
			runOnlyForDeploymentPostprocessing = 0;
		};
/* End PBXFrameworksBuildPhase section */

/* Begin PBXGroup section */
		76814ACD27600E2C004AF2DE = {
			isa = PBXGroup;
			children = (
				7665F9952761D47500D88BB0 /* StairWidgetExtension.entitlements */,
				76814AD827600E2C004AF2DE /* StairClimber */,
				76814AF127600E40004AF2DE /* StairWidget */,
				76814AEC27600E40004AF2DE /* Frameworks */,
				76814AD727600E2C004AF2DE /* Products */,
			);
			sourceTree = "<group>";
		};
		76814AD727600E2C004AF2DE /* Products */ = {
			isa = PBXGroup;
			children = (
				76814AD627600E2C004AF2DE /* StairClimber.app */,
				76814AEB27600E40004AF2DE /* StairWidgetExtension.appex */,
			);
			name = Products;
			sourceTree = "<group>";
		};
		76814AD827600E2C004AF2DE /* StairClimber */ = {
			isa = PBXGroup;
			children = (
				7665F9962761D49600D88BB0 /* StairClimber.entitlements */,
				76814AD927600E2C004AF2DE /* StairClimberApp.swift */,
				76814ADB27600E2C004AF2DE /* ContentView.swift */,
				76814ADD27600E2D004AF2DE /* Assets.xcassets */,
				76814ADF27600E2D004AF2DE /* Preview Content */,
			);
			path = StairClimber;
			sourceTree = "<group>";
		};
		76814ADF27600E2D004AF2DE /* Preview Content */ = {
			isa = PBXGroup;
			children = (
				76814AE027600E2D004AF2DE /* Preview Assets.xcassets */,
			);
			path = "Preview Content";
			sourceTree = "<group>";
		};
		76814AEC27600E40004AF2DE /* Frameworks */ = {
			isa = PBXGroup;
			children = (
				76814AED27600E40004AF2DE /* WidgetKit.framework */,
				76814AEF27600E40004AF2DE /* SwiftUI.framework */,
			);
			name = Frameworks;
			sourceTree = "<group>";
		};
		76814AF127600E40004AF2DE /* StairWidget */ = {
			isa = PBXGroup;
			children = (
				76814AF227600E40004AF2DE /* StairWidget.swift */,
				76814AF427600E40004AF2DE /* StairWidget.intentdefinition */,
				76814AF527600E42004AF2DE /* Assets.xcassets */,
				76814AF727600E42004AF2DE /* Info.plist */,
			);
			path = StairWidget;
			sourceTree = "<group>";
		};
/* End PBXGroup section */

/* Begin PBXNativeTarget section */
		76814AD527600E2C004AF2DE /* StairClimber */ = {
			isa = PBXNativeTarget;
			buildConfigurationList = 76814AE427600E2D004AF2DE /* Build configuration list for PBXNativeTarget "StairClimber" */;
			buildPhases = (
				76814AD227600E2C004AF2DE /* Sources */,
				76814AD327600E2C004AF2DE /* Frameworks */,
				76814AD427600E2C004AF2DE /* Resources */,
				76814B0027600E42004AF2DE /* Embed App Extensions */,
			);
			buildRules = (
			);
			dependencies = (
				76814AFB27600E42004AF2DE /* PBXTargetDependency */,
			);
			name = StairClimber;
			productName = StairClimber;
			productReference = 76814AD627600E2C004AF2DE /* StairClimber.app */;
			productType = "com.apple.product-type.application";
		};
		76814AEA27600E40004AF2DE /* StairWidgetExtension */ = {
			isa = PBXNativeTarget;
			buildConfigurationList = 76814AFD27600E42004AF2DE /* Build configuration list for PBXNativeTarget "StairWidgetExtension" */;
			buildPhases = (
				76814AE727600E40004AF2DE /* Sources */,
				76814AE827600E40004AF2DE /* Frameworks */,
				76814AE927600E40004AF2DE /* Resources */,
			);
			buildRules = (
			);
			dependencies = (
			);
			name = StairWidgetExtension;
			productName = StairWidgetExtension;
			productReference = 76814AEB27600E40004AF2DE /* StairWidgetExtension.appex */;
			productType = "com.apple.product-type.app-extension";
		};
/* End PBXNativeTarget section */

/* Begin PBXProject section */
		76814ACE27600E2C004AF2DE /* Project object */ = {
			isa = PBXProject;
			attributes = {
				BuildIndependentTargetsInParallel = 1;
				LastSwiftUpdateCheck = 1310;
				LastUpgradeCheck = 1310;
				TargetAttributes = {
					76814AD527600E2C004AF2DE = {
						CreatedOnToolsVersion = 13.1;
					};
					76814AEA27600E40004AF2DE = {
						CreatedOnToolsVersion = 13.1;
					};
				};
			};
			buildConfigurationList = 76814AD127600E2C004AF2DE /* Build configuration list for PBXProject "StairClimber" */;
			compatibilityVersion = "Xcode 13.0";
			developmentRegion = en;
			hasScannedForEncodings = 0;
			knownRegions = (
				en,
				Base,
			);
			mainGroup = 76814ACD27600E2C004AF2DE;
			productRefGroup = 76814AD727600E2C004AF2DE /* Products */;
			projectDirPath = "";
			projectRoot = "";
			targets = (
				76814AD527600E2C004AF2DE /* StairClimber */,
				76814AEA27600E40004AF2DE /* StairWidgetExtension */,
			);
		};
/* End PBXProject section */

/* Begin PBXResourcesBuildPhase section */
		76814AD427600E2C004AF2DE /* Resources */ = {
			isa = PBXResourcesBuildPhase;
			buildActionMask = 2147483647;
			files = (
				76814AE127600E2D004AF2DE /* Preview Assets.xcassets in Resources */,
				76814ADE27600E2D004AF2DE /* Assets.xcassets in Resources */,
			);
			runOnlyForDeploymentPostprocessing = 0;
		};
		76814AE927600E40004AF2DE /* Resources */ = {
			isa = PBXResourcesBuildPhase;
			buildActionMask = 2147483647;
			files = (
				76814AF627600E42004AF2DE /* Assets.xcassets in Resources */,
			);
			runOnlyForDeploymentPostprocessing = 0;
		};
/* End PBXResourcesBuildPhase section */

/* Begin PBXSourcesBuildPhase section */
		76814AD227600E2C004AF2DE /* Sources */ = {
			isa = PBXSourcesBuildPhase;
			buildActionMask = 2147483647;
			files = (
				76814ADC27600E2C004AF2DE /* ContentView.swift in Sources */,
				76814AF927600E42004AF2DE /* StairWidget.intentdefinition in Sources */,
				76814ADA27600E2C004AF2DE /* StairClimberApp.swift in Sources */,
			);
			runOnlyForDeploymentPostprocessing = 0;
		};
		76814AE727600E40004AF2DE /* Sources */ = {
			isa = PBXSourcesBuildPhase;
			buildActionMask = 2147483647;
			files = (
				76814AF827600E42004AF2DE /* StairWidget.intentdefinition in Sources */,
				76814AF327600E40004AF2DE /* StairWidget.swift in Sources */,
			);
			runOnlyForDeploymentPostprocessing = 0;
		};
/* End PBXSourcesBuildPhase section */

/* Begin PBXTargetDependency section */
		76814AFB27600E42004AF2DE /* PBXTargetDependency */ = {
			isa = PBXTargetDependency;
			target = 76814AEA27600E40004AF2DE /* StairWidgetExtension */;
			targetProxy = 76814AFA27600E42004AF2DE /* PBXContainerItemProxy */;
		};
/* End PBXTargetDependency section */

/* Begin XCBuildConfiguration section */
		76814AE227600E2D004AF2DE /* Debug */ = {
			isa = XCBuildConfiguration;
			buildSettings = {
				ALWAYS_SEARCH_USER_PATHS = NO;
				CLANG_ANALYZER_NONNULL = YES;
				CLANG_ANALYZER_NUMBER_OBJECT_CONVERSION = YES_AGGRESSIVE;
				CLANG_CXX_LANGUAGE_STANDARD = "gnu++17";
				CLANG_CXX_LIBRARY = "libc++";
				CLANG_ENABLE_MODULES = YES;
				CLANG_ENABLE_OBJC_ARC = YES;
				CLANG_ENABLE_OBJC_WEAK = YES;
				CLANG_WARN_BLOCK_CAPTURE_AUTORELEASING = YES;
				CLANG_WARN_BOOL_CONVERSION = YES;
				CLANG_WARN_COMMA = YES;
				CLANG_WARN_CONSTANT_CONVERSION = YES;
				CLANG_WARN_DEPRECATED_OBJC_IMPLEMENTATIONS = YES;
				CLANG_WARN_DIRECT_OBJC_ISA_USAGE = YES_ERROR;
				CLANG_WARN_DOCUMENTATION_COMMENTS = YES;
				CLANG_WARN_EMPTY_BODY = YES;
				CLANG_WARN_ENUM_CONVERSION = YES;
				CLANG_WARN_INFINITE_RECURSION = YES;
				CLANG_WARN_INT_CONVERSION = YES;
				CLANG_WARN_NON_LITERAL_NULL_CONVERSION = YES;
				CLANG_WARN_OBJC_IMPLICIT_RETAIN_SELF = YES;
				CLANG_WARN_OBJC_LITERAL_CONVERSION = YES;
				CLANG_WARN_OBJC_ROOT_CLASS = YES_ERROR;
				CLANG_WARN_QUOTED_INCLUDE_IN_FRAMEWORK_HEADER = YES;
				CLANG_WARN_RANGE_LOOP_ANALYSIS = YES;
				CLANG_WARN_STRICT_PROTOTYPES = YES;
				CLANG_WARN_SUSPICIOUS_MOVE = YES;
				CLANG_WARN_UNGUARDED_AVAILABILITY = YES_AGGRESSIVE;
				CLANG_WARN_UNREACHABLE_CODE = YES;
				CLANG_WARN__DUPLICATE_METHOD_MATCH = YES;
				COPY_PHASE_STRIP = NO;
				DEBUG_INFORMATION_FORMAT = dwarf;
				ENABLE_STRICT_OBJC_MSGSEND = YES;
				ENABLE_TESTABILITY = YES;
				GCC_C_LANGUAGE_STANDARD = gnu11;
				GCC_DYNAMIC_NO_PIC = NO;
				GCC_NO_COMMON_BLOCKS = YES;
				GCC_OPTIMIZATION_LEVEL = 0;
				GCC_PREPROCESSOR_DEFINITIONS = (
					"DEBUG=1",
					"$(inherited)",
				);
				GCC_WARN_64_TO_32_BIT_CONVERSION = YES;
				GCC_WARN_ABOUT_RETURN_TYPE = YES_ERROR;
				GCC_WARN_UNDECLARED_SELECTOR = YES;
				GCC_WARN_UNINITIALIZED_AUTOS = YES_AGGRESSIVE;
				GCC_WARN_UNUSED_FUNCTION = YES;
				GCC_WARN_UNUSED_VARIABLE = YES;
				IPHONEOS_DEPLOYMENT_TARGET = 15.0;
				MTL_ENABLE_DEBUG_INFO = INCLUDE_SOURCE;
				MTL_FAST_MATH = YES;
				ONLY_ACTIVE_ARCH = YES;
				SDKROOT = iphoneos;
				SWIFT_ACTIVE_COMPILATION_CONDITIONS = DEBUG;
				SWIFT_OPTIMIZATION_LEVEL = "-Onone";
			};
			name = Debug;
		};
		76814AE327600E2D004AF2DE /* Release */ = {
			isa = XCBuildConfiguration;
			buildSettings = {
				ALWAYS_SEARCH_USER_PATHS = NO;
				CLANG_ANALYZER_NONNULL = YES;
				CLANG_ANALYZER_NUMBER_OBJECT_CONVERSION = YES_AGGRESSIVE;
				CLANG_CXX_LANGUAGE_STANDARD = "gnu++17";
				CLANG_CXX_LIBRARY = "libc++";
				CLANG_ENABLE_MODULES = YES;
				CLANG_ENABLE_OBJC_ARC = YES;
				CLANG_ENABLE_OBJC_WEAK = YES;
				CLANG_WARN_BLOCK_CAPTURE_AUTORELEASING = YES;
				CLANG_WARN_BOOL_CONVERSION = YES;
				CLANG_WARN_COMMA = YES;
				CLANG_WARN_CONSTANT_CONVERSION = YES;
				CLANG_WARN_DEPRECATED_OBJC_IMPLEMENTATIONS = YES;
				CLANG_WARN_DIRECT_OBJC_ISA_USAGE = YES_ERROR;
				CLANG_WARN_DOCUMENTATION_COMMENTS = YES;
				CLANG_WARN_EMPTY_BODY = YES;
				CLANG_WARN_ENUM_CONVERSION = YES;
				CLANG_WARN_INFINITE_RECURSION = YES;
				CLANG_WARN_INT_CONVERSION = YES;
				CLANG_WARN_NON_LITERAL_NULL_CONVERSION = YES;
				CLANG_WARN_OBJC_IMPLICIT_RETAIN_SELF = YES;
				CLANG_WARN_OBJC_LITERAL_CONVERSION = YES;
				CLANG_WARN_OBJC_ROOT_CLASS = YES_ERROR;
				CLANG_WARN_QUOTED_INCLUDE_IN_FRAMEWORK_HEADER = YES;
				CLANG_WARN_RANGE_LOOP_ANALYSIS = YES;
				CLANG_WARN_STRICT_PROTOTYPES = YES;
				CLANG_WARN_SUSPICIOUS_MOVE = YES;
				CLANG_WARN_UNGUARDED_AVAILABILITY = YES_AGGRESSIVE;
				CLANG_WARN_UNREACHABLE_CODE = YES;
				CLANG_WARN__DUPLICATE_METHOD_MATCH = YES;
				COPY_PHASE_STRIP = NO;
				DEBUG_INFORMATION_FORMAT = "dwarf-with-dsym";
				ENABLE_NS_ASSERTIONS = NO;
				ENABLE_STRICT_OBJC_MSGSEND = YES;
				GCC_C_LANGUAGE_STANDARD = gnu11;
				GCC_NO_COMMON_BLOCKS = YES;
				GCC_WARN_64_TO_32_BIT_CONVERSION = YES;
				GCC_WARN_ABOUT_RETURN_TYPE = YES_ERROR;
				GCC_WARN_UNDECLARED_SELECTOR = YES;
				GCC_WARN_UNINITIALIZED_AUTOS = YES_AGGRESSIVE;
				GCC_WARN_UNUSED_FUNCTION = YES;
				GCC_WARN_UNUSED_VARIABLE = YES;
				IPHONEOS_DEPLOYMENT_TARGET = 15.0;
				MTL_ENABLE_DEBUG_INFO = NO;
				MTL_FAST_MATH = YES;
				SDKROOT = iphoneos;
				SWIFT_COMPILATION_MODE = wholemodule;
				SWIFT_OPTIMIZATION_LEVEL = "-O";
				VALIDATE_PRODUCT = YES;
			};
			name = Release;
		};
		76814AE527600E2D004AF2DE /* Debug */ = {
			isa = XCBuildConfiguration;
			buildSettings = {
				ALWAYS_EMBED_SWIFT_STANDARD_LIBRARIES = YES;
				ASSETCATALOG_COMPILER_APPICON_NAME = AppIcon;
				ASSETCATALOG_COMPILER_GLOBAL_ACCENT_COLOR_NAME = AccentColor;
				CODE_SIGN_ENTITLEMENTS = StairClimber/StairClimber.entitlements;
				CODE_SIGN_STYLE = Automatic;
				CURRENT_PROJECT_VERSION = 1;
				DEVELOPMENT_ASSET_PATHS = "\"StairClimber/Preview Content\"";
				DEVELOPMENT_TEAM = RB9MZ6N697;
				ENABLE_PREVIEWS = YES;
				GENERATE_INFOPLIST_FILE = YES;
				INFOPLIST_KEY_UIApplicationSceneManifest_Generation = YES;
				INFOPLIST_KEY_UIApplicationSupportsIndirectInputEvents = YES;
				INFOPLIST_KEY_UILaunchScreen_Generation = YES;
				INFOPLIST_KEY_UISupportedInterfaceOrientations_iPad = "UIInterfaceOrientationPortrait UIInterfaceOrientationPortraitUpsideDown UIInterfaceOrientationLandscapeLeft UIInterfaceOrientationLandscapeRight";
				INFOPLIST_KEY_UISupportedInterfaceOrientations_iPhone = "UIInterfaceOrientationPortrait UIInterfaceOrientationLandscapeLeft UIInterfaceOrientationLandscapeRight";
				LD_RUNPATH_SEARCH_PATHS = (
					"$(inherited)",
					"@executable_path/Frameworks",
				);
				MARKETING_VERSION = 1.0;
				PRODUCT_BUNDLE_IDENTIFIER = com.tfp.StairClimber;
				PRODUCT_NAME = StairClimber;
				SWIFT_EMIT_LOC_STRINGS = YES;
				SWIFT_VERSION = 5.0;
				TARGETED_DEVICE_FAMILY = "1,2";
			};
			name = Debug;
		};
		76814AE627600E2D004AF2DE /* Release */ = {
			isa = XCBuildConfiguration;
			buildSettings = {
				ALWAYS_EMBED_SWIFT_STANDARD_LIBRARIES = YES;
				ASSETCATALOG_COMPILER_APPICON_NAME = AppIcon;
				ASSETCATALOG_COMPILER_GLOBAL_ACCENT_COLOR_NAME = AccentColor;
				CODE_SIGN_ENTITLEMENTS = StairClimber/StairClimber.entitlements;
				CODE_SIGN_STYLE = Automatic;
				CURRENT_PROJECT_VERSION = 1;
				DEVELOPMENT_ASSET_PATHS = "\"StairClimber/Preview Content\"";
				DEVELOPMENT_TEAM = RB9MZ6N697;
				ENABLE_PREVIEWS = YES;
				GENERATE_INFOPLIST_FILE = YES;
				INFOPLIST_KEY_UIApplicationSceneManifest_Generation = YES;
				INFOPLIST_KEY_UIApplicationSupportsIndirectInputEvents = YES;
				INFOPLIST_KEY_UILaunchScreen_Generation = YES;
				INFOPLIST_KEY_UISupportedInterfaceOrientations_iPad = "UIInterfaceOrientationPortrait UIInterfaceOrientationPortraitUpsideDown UIInterfaceOrientationLandscapeLeft UIInterfaceOrientationLandscapeRight";
				INFOPLIST_KEY_UISupportedInterfaceOrientations_iPhone = "UIInterfaceOrientationPortrait UIInterfaceOrientationLandscapeLeft UIInterfaceOrientationLandscapeRight";
				LD_RUNPATH_SEARCH_PATHS = (
					"$(inherited)",
					"@executable_path/Frameworks",
				);
				MARKETING_VERSION = 1.0;
				PRODUCT_BUNDLE_IDENTIFIER = com.tfp.StairClimber;
				PRODUCT_NAME = StairClimber;
				SWIFT_EMIT_LOC_STRINGS = YES;
				SWIFT_VERSION = 5.0;
				TARGETED_DEVICE_FAMILY = "1,2";
			};
			name = Release;
		};
		76814AFE27600E42004AF2DE /* Debug */ = {
			isa = XCBuildConfiguration;
			buildSettings = {
				ASSETCATALOG_COMPILER_GLOBAL_ACCENT_COLOR_NAME = AccentColor;
				ASSETCATALOG_COMPILER_WIDGET_BACKGROUND_COLOR_NAME = WidgetBackground;
				CODE_SIGN_ENTITLEMENTS = StairWidgetExtension.entitlements;
				CODE_SIGN_STYLE = Automatic;
				CURRENT_PROJECT_VERSION = 1;
				DEVELOPMENT_TEAM = RB9MZ6N697;
				GENERATE_INFOPLIST_FILE = YES;
				INFOPLIST_FILE = StairWidget/Info.plist;
				INFOPLIST_KEY_CFBundleDisplayName = StairWidget;
				INFOPLIST_KEY_NSHumanReadableCopyright = "";
				LD_RUNPATH_SEARCH_PATHS = (
					"$(inherited)",
					"@executable_path/Frameworks",
					"@executable_path/../../Frameworks",
				);
				MARKETING_VERSION = 1.0;
				PRODUCT_BUNDLE_IDENTIFIER = com.tfp.StairClimber.StairWidget;
				PRODUCT_NAME = "$(TARGET_NAME)";
				SKIP_INSTALL = YES;
				SWIFT_EMIT_LOC_STRINGS = YES;
				SWIFT_VERSION = 5.0;
				TARGETED_DEVICE_FAMILY = "1,2";
			};
			name = Debug;
		};
		76814AFF27600E42004AF2DE /* Release */ = {
			isa = XCBuildConfiguration;
			buildSettings = {
				ASSETCATALOG_COMPILER_GLOBAL_ACCENT_COLOR_NAME = AccentColor;
				ASSETCATALOG_COMPILER_WIDGET_BACKGROUND_COLOR_NAME = WidgetBackground;
				CODE_SIGN_ENTITLEMENTS = StairWidgetExtension.entitlements;
				CODE_SIGN_STYLE = Automatic;
				CURRENT_PROJECT_VERSION = 1;
				DEVELOPMENT_TEAM = RB9MZ6N697;
				GENERATE_INFOPLIST_FILE = YES;
				INFOPLIST_FILE = StairWidget/Info.plist;
				INFOPLIST_KEY_CFBundleDisplayName = StairWidget;
				INFOPLIST_KEY_NSHumanReadableCopyright = "";
				LD_RUNPATH_SEARCH_PATHS = (
					"$(inherited)",
					"@executable_path/Frameworks",
					"@executable_path/../../Frameworks",
				);
				MARKETING_VERSION = 1.0;
				PRODUCT_BUNDLE_IDENTIFIER = com.tfp.StairClimber.StairWidget;
				PRODUCT_NAME = "$(TARGET_NAME)";
				SKIP_INSTALL = YES;
				SWIFT_EMIT_LOC_STRINGS = YES;
				SWIFT_VERSION = 5.0;
				TARGETED_DEVICE_FAMILY = "1,2";
			};
			name = Release;
		};
/* End XCBuildConfiguration section */

/* Begin XCConfigurationList section */
		76814AD127600E2C004AF2DE /* Build configuration list for PBXProject "StairClimber" */ = {
			isa = XCConfigurationList;
			buildConfigurations = (
				76814AE227600E2D004AF2DE /* Debug */,
				76814AE327600E2D004AF2DE /* Release */,
			);
			defaultConfigurationIsVisible = 0;
			defaultConfigurationName = Release;
		};
		76814AE427600E2D004AF2DE /* Build configuration list for PBXNativeTarget "StairClimber" */ = {
			isa = XCConfigurationList;
			buildConfigurations = (
				76814AE527600E2D004AF2DE /* Debug */,
				76814AE627600E2D004AF2DE /* Release */,
			);
			defaultConfigurationIsVisible = 0;
			defaultConfigurationName = Release;
		};
		76814AFD27600E42004AF2DE /* Build configuration list for PBXNativeTarget "StairWidgetExtension" */ = {
			isa = XCConfigurationList;
			buildConfigurations = (
				76814AFE27600E42004AF2DE /* Debug */,
				76814AFF27600E42004AF2DE /* Release */,
			);
			defaultConfigurationIsVisible = 0;
			defaultConfigurationName = Release;
		};
/* End XCConfigurationList section */
	};
	rootObject = 76814ACE27600E2C004AF2DE /* Project object */;
}
